
Microsoft Visual Studio Solution File, Format Version 12.00
# Visual Studio Version 17
VisualStudioVersion = 17.8.35931.193
MinimumVisualStudioVersion = 10.0.40219.1
Project("{FAE04EC0-301F-11D3-BF4B-00C04F79EFBC}") = "MD5Stream", "MD5Stream\MD5Stream.csproj", "{619DDC5C-9BBE-4462-8F36-2014630B40A4}"
EndProject
Global
	GlobalSection(SolutionConfigurationPlatforms) = preSolution
		Debug|Any CPU = Debug|Any CPU
		Release|Any CPU = Release|Any CPU
	EndGlobalSection
	GlobalSection(ProjectConfigurationPlatforms) = postSolution
		{619DDC5C-9BBE-4462-8F36-2014630B40A4}.Debug|Any CPU.ActiveCfg = Debug|Any CPU
		{619DDC5C-9BBE-4462-8F36-2014630B40A4}.Debug|Any CPU.Build.0 = Debug|Any CPU
		{619DDC5C-9BBE-4462-8F36-2014630B40A4}.Release|Any CPU.ActiveCfg = Release|Any CPU
		{619DDC5C-9BBE-4462-8F36-2014630B40A4}.Release|Any CPU.Build.0 = Release|Any CPU
	EndGlobalSection
	GlobalSection(SolutionProperties) = preSolution
		HideSolutionNode = FALSE
	EndGlobalSection
	GlobalSection(ExtensibilityGlobals) = postSolution
		SolutionGuid = {5A94E88B-D7B8-462F-A553-02B8C560E073}
	EndGlobalSection
EndGlobal
